
Microsoft Visual Studio Solution File, Format Version 12.00
# Visual Studio Version 17
VisualStudioVersion = 17.4.33205.214
MinimumVisualStudioVersion = 10.0.40219.1
Project("{FAE04EC0-301F-11D3-BF4B-00C04F79EFBC}") = "Ejercicios4", "Ejercicios4.csproj", "{C02165E8-C235-49F0-AC85-3F36BF5B4698}"
EndProject
Global
	GlobalSection(SolutionConfigurationPlatforms) = preSolution
		Debug|Any CPU = Debug|Any CPU
		Release|Any CPU = Release|Any CPU
	EndGlobalSection
	GlobalSection(ProjectConfigurationPlatforms) = postSolution
		{C02165E8-C235-49F0-AC85-3F36BF5B4698}.Debug|Any CPU.ActiveCfg = Debug|Any CPU
		{C02165E8-C235-49F0-AC85-3F36BF5B4698}.Debug|Any CPU.Build.0 = Debug|Any CPU
		{C02165E8-C235-49F0-AC85-3F36BF5B4698}.Release|Any CPU.ActiveCfg = Release|Any CPU
		{C02165E8-C235-49F0-AC85-3F36BF5B4698}.Release|Any CPU.Build.0 = Release|Any CPU
	EndGlobalSection
	GlobalSection(SolutionProperties) = preSolution
		HideSolutionNode = FALSE
	EndGlobalSection
	GlobalSection(ExtensibilityGlobals) = postSolution
		SolutionGuid = {1EA31DF0-FBD6-4235-A075-4F093CCCBA33}
	EndGlobalSection
EndGlobal
