
Microsoft Visual Studio Solution File, Format Version 12.00
# Visual Studio Version 17
VisualStudioVersion = 17.4.33205.214
MinimumVisualStudioVersion = 10.0.40219.1
Project("{FAE04EC0-301F-11D3-BF4B-00C04F79EFBC}") = "Hola Mundo", "Hola Mundo\Hola Mundo.csproj", "{5649C8B7-510B-4318-B293-E30B920B8A65}"
EndProject
Global
	GlobalSection(SolutionConfigurationPlatforms) = preSolution
		Debug|Any CPU = Debug|Any CPU
		Release|Any CPU = Release|Any CPU
	EndGlobalSection
	GlobalSection(ProjectConfigurationPlatforms) = postSolution
		{5649C8B7-510B-4318-B293-E30B920B8A65}.Debug|Any CPU.ActiveCfg = Debug|Any CPU
		{5649C8B7-510B-4318-B293-E30B920B8A65}.Debug|Any CPU.Build.0 = Debug|Any CPU
		{5649C8B7-510B-4318-B293-E30B920B8A65}.Release|Any CPU.ActiveCfg = Release|Any CPU
		{5649C8B7-510B-4318-B293-E30B920B8A65}.Release|Any CPU.Build.0 = Release|Any CPU
	EndGlobalSection
	GlobalSection(SolutionProperties) = preSolution
		HideSolutionNode = FALSE
	EndGlobalSection
	GlobalSection(ExtensibilityGlobals) = postSolution
		SolutionGuid = {05A6CB34-F61C-420B-8613-18DDF29575D9}
	EndGlobalSection
EndGlobal
