
Microsoft Visual Studio Solution File, Format Version 12.00
# Visual Studio Version 17
VisualStudioVersion = 17.4.33205.214
MinimumVisualStudioVersion = 10.0.40219.1
Project("{FAE04EC0-301F-11D3-BF4B-00C04F79EFBC}") = "Ejercicios3", "Ejercicios3.csproj", "{189ADF7E-F894-4242-B8E4-218544F16B39}"
EndProject
Global
	GlobalSection(SolutionConfigurationPlatforms) = preSolution
		Debug|Any CPU = Debug|Any CPU
		Release|Any CPU = Release|Any CPU
	EndGlobalSection
	GlobalSection(ProjectConfigurationPlatforms) = postSolution
		{189ADF7E-F894-4242-B8E4-218544F16B39}.Debug|Any CPU.ActiveCfg = Debug|Any CPU
		{189ADF7E-F894-4242-B8E4-218544F16B39}.Debug|Any CPU.Build.0 = Debug|Any CPU
		{189ADF7E-F894-4242-B8E4-218544F16B39}.Release|Any CPU.ActiveCfg = Release|Any CPU
		{189ADF7E-F894-4242-B8E4-218544F16B39}.Release|Any CPU.Build.0 = Release|Any CPU
	EndGlobalSection
	GlobalSection(SolutionProperties) = preSolution
		HideSolutionNode = FALSE
	EndGlobalSection
	GlobalSection(ExtensibilityGlobals) = postSolution
		SolutionGuid = {B3A0ADDA-707C-4944-B906-7F708CD7BC47}
	EndGlobalSection
EndGlobal
